
Microsoft Visual Studio Solution File, Format Version 11.00
# Visual Studio 2010
Project("{FAE04EC0-301F-11D3-BF4B-00C04F79EFBC}") = "Assembly-CSharp", "Assembly-CSharp.csproj", "{BE6D89FD-A652-4BE8-9075-BBD425C41DD6}"
EndProject
Global
	GlobalSection(SolutionConfigurationPlatforms) = preSolution
		Debug|Any CPU = Debug|Any CPU
		Release|Any CPU = Release|Any CPU
	EndGlobalSection
	GlobalSection(ProjectConfigurationPlatforms) = postSolution
		{BE6D89FD-A652-4BE8-9075-BBD425C41DD6}.Debug|Any CPU.ActiveCfg = Debug|Any CPU
		{BE6D89FD-A652-4BE8-9075-BBD425C41DD6}.Debug|Any CPU.Build.0 = Debug|Any CPU
		{BE6D89FD-A652-4BE8-9075-BBD425C41DD6}.Release|Any CPU.ActiveCfg = Release|Any CPU
		{BE6D89FD-A652-4BE8-9075-BBD425C41DD6}.Release|Any CPU.Build.0 = Release|Any CPU
	EndGlobalSection
	GlobalSection(SolutionProperties) = preSolution
		HideSolutionNode = FALSE
	EndGlobalSection
EndGlobal
